
Microsoft Visual Studio Solution File, Format Version 12.00
# Visual Studio Version 17
VisualStudioVersion = 17.10.34804.81
MinimumVisualStudioVersion = 10.0.40219.1
Project("{9A19103F-16F7-4668-BE54-9A1E7A4F7556}") = "Ver3", "Ver3\Ver3.csproj", "{FC308EC6-DC7E-4A77-86D4-7C2EE7EF9775}"
EndProject
Project("{9A19103F-16F7-4668-BE54-9A1E7A4F7556}") = "Ver2", "Ver2\Ver2.csproj", "{42C30B2E-E58E-4B6E-9142-A047615B2ED8}"
EndProject
Project("{9A19103F-16F7-4668-BE54-9A1E7A4F7556}") = "Ver4", "Ver4\Ver4.csproj", "{49B8B1DB-F17B-45D5-B7FD-B9B2883E25D2}"
EndProject
Project("{9A19103F-16F7-4668-BE54-9A1E7A4F7556}") = "Ver8", "Ver8\Ver8.csproj", "{A0CEE456-DEAB-473F-AA18-DFD1CCFFEBD9}"
EndProject
Project("{9A19103F-16F7-4668-BE54-9A1E7A4F7556}") = "Ver9Preview", "Ver9preview\Ver9Preview.csproj", "{9909E241-E614-4860-B26F-698497E8516B}"
EndProject
Global
	GlobalSection(SolutionConfigurationPlatforms) = preSolution
		Debug|Any CPU = Debug|Any CPU
		Release|Any CPU = Release|Any CPU
	EndGlobalSection
	GlobalSection(ProjectConfigurationPlatforms) = postSolution
		{FC308EC6-DC7E-4A77-86D4-7C2EE7EF9775}.Debug|Any CPU.ActiveCfg = Debug|Any CPU
		{FC308EC6-DC7E-4A77-86D4-7C2EE7EF9775}.Debug|Any CPU.Build.0 = Debug|Any CPU
		{FC308EC6-DC7E-4A77-86D4-7C2EE7EF9775}.Release|Any CPU.ActiveCfg = Release|Any CPU
		{FC308EC6-DC7E-4A77-86D4-7C2EE7EF9775}.Release|Any CPU.Build.0 = Release|Any CPU
		{42C30B2E-E58E-4B6E-9142-A047615B2ED8}.Debug|Any CPU.ActiveCfg = Debug|Any CPU
		{42C30B2E-E58E-4B6E-9142-A047615B2ED8}.Debug|Any CPU.Build.0 = Debug|Any CPU
		{42C30B2E-E58E-4B6E-9142-A047615B2ED8}.Release|Any CPU.ActiveCfg = Release|Any CPU
		{42C30B2E-E58E-4B6E-9142-A047615B2ED8}.Release|Any CPU.Build.0 = Release|Any CPU
		{49B8B1DB-F17B-45D5-B7FD-B9B2883E25D2}.Debug|Any CPU.ActiveCfg = Debug|Any CPU
		{49B8B1DB-F17B-45D5-B7FD-B9B2883E25D2}.Debug|Any CPU.Build.0 = Debug|Any CPU
		{49B8B1DB-F17B-45D5-B7FD-B9B2883E25D2}.Release|Any CPU.ActiveCfg = Release|Any CPU
		{49B8B1DB-F17B-45D5-B7FD-B9B2883E25D2}.Release|Any CPU.Build.0 = Release|Any CPU
		{A0CEE456-DEAB-473F-AA18-DFD1CCFFEBD9}.Debug|Any CPU.ActiveCfg = Debug|Any CPU
		{A0CEE456-DEAB-473F-AA18-DFD1CCFFEBD9}.Debug|Any CPU.Build.0 = Debug|Any CPU
		{A0CEE456-DEAB-473F-AA18-DFD1CCFFEBD9}.Release|Any CPU.ActiveCfg = Release|Any CPU
		{A0CEE456-DEAB-473F-AA18-DFD1CCFFEBD9}.Release|Any CPU.Build.0 = Release|Any CPU
		{9909E241-E614-4860-B26F-698497E8516B}.Debug|Any CPU.ActiveCfg = Debug|Any CPU
		{9909E241-E614-4860-B26F-698497E8516B}.Debug|Any CPU.Build.0 = Debug|Any CPU
		{9909E241-E614-4860-B26F-698497E8516B}.Release|Any CPU.ActiveCfg = Release|Any CPU
		{9909E241-E614-4860-B26F-698497E8516B}.Release|Any CPU.Build.0 = Release|Any CPU
	EndGlobalSection
	GlobalSection(SolutionProperties) = preSolution
		HideSolutionNode = FALSE
	EndGlobalSection
	GlobalSection(ExtensibilityGlobals) = postSolution
		SolutionGuid = {B53A0D88-0A24-4CF3-B5B7-0E820AB4E4B7}
	EndGlobalSection
EndGlobal
